
Microsoft Visual Studio Solution File, Format Version 11.00
# Visual Studio 2010
Project("{FAE04EC0-301F-11D3-BF4B-00C04F79EFBC}") = "WifiRS21", "WifiRS21\WifiRS21.csproj", "{B86A12FD-E3A6-4164-ADE3-986897D640BC}"
EndProject
Global
	GlobalSection(SolutionConfigurationPlatforms) = preSolution
		Debug|Any CPU = Debug|Any CPU
		Release|Any CPU = Release|Any CPU
	EndGlobalSection
	GlobalSection(ProjectConfigurationPlatforms) = postSolution
		{B86A12FD-E3A6-4164-ADE3-986897D640BC}.Debug|Any CPU.ActiveCfg = Debug|Any CPU
		{B86A12FD-E3A6-4164-ADE3-986897D640BC}.Debug|Any CPU.Build.0 = Debug|Any CPU
		{B86A12FD-E3A6-4164-ADE3-986897D640BC}.Debug|Any CPU.Deploy.0 = Debug|Any CPU
		{B86A12FD-E3A6-4164-ADE3-986897D640BC}.Release|Any CPU.ActiveCfg = Release|Any CPU
		{B86A12FD-E3A6-4164-ADE3-986897D640BC}.Release|Any CPU.Build.0 = Release|Any CPU
		{B86A12FD-E3A6-4164-ADE3-986897D640BC}.Release|Any CPU.Deploy.0 = Release|Any CPU
	EndGlobalSection
	GlobalSection(SolutionProperties) = preSolution
		HideSolutionNode = FALSE
	EndGlobalSection
EndGlobal
