
Microsoft Visual Studio Solution File, Format Version 12.00
# Visual Studio 2012
Project("{FAE04EC0-301F-11D3-BF4B-00C04F79EFBC}") = "LoadModule", "LoadModule\LoadModule.csproj", "{CCC7D4C9-8A89-4151-AE0D-FD57F6FDB24A}"
EndProject
Global
	GlobalSection(SolutionConfigurationPlatforms) = preSolution
		Debug|Any CPU = Debug|Any CPU
		Release|Any CPU = Release|Any CPU
	EndGlobalSection
	GlobalSection(ProjectConfigurationPlatforms) = postSolution
		{CCC7D4C9-8A89-4151-AE0D-FD57F6FDB24A}.Debug|Any CPU.ActiveCfg = Debug|Any CPU
		{CCC7D4C9-8A89-4151-AE0D-FD57F6FDB24A}.Debug|Any CPU.Build.0 = Debug|Any CPU
		{CCC7D4C9-8A89-4151-AE0D-FD57F6FDB24A}.Debug|Any CPU.Deploy.0 = Debug|Any CPU
		{CCC7D4C9-8A89-4151-AE0D-FD57F6FDB24A}.Release|Any CPU.ActiveCfg = Release|Any CPU
		{CCC7D4C9-8A89-4151-AE0D-FD57F6FDB24A}.Release|Any CPU.Build.0 = Release|Any CPU
		{CCC7D4C9-8A89-4151-AE0D-FD57F6FDB24A}.Release|Any CPU.Deploy.0 = Release|Any CPU
	EndGlobalSection
	GlobalSection(SolutionProperties) = preSolution
		HideSolutionNode = FALSE
	EndGlobalSection
EndGlobal
