
Microsoft Visual Studio Solution File, Format Version 12.00
# Visual Studio 2012
Project("{FAE04EC0-301F-11D3-BF4B-00C04F79EFBC}") = "RangeSensor", "RangeSensor\RangeSensor.csproj", "{53807C79-6A6E-4974-B2F3-264B8AD3C402}"
EndProject
Global
	GlobalSection(SolutionConfigurationPlatforms) = preSolution
		Debug|Any CPU = Debug|Any CPU
		Release|Any CPU = Release|Any CPU
	EndGlobalSection
	GlobalSection(ProjectConfigurationPlatforms) = postSolution
		{53807C79-6A6E-4974-B2F3-264B8AD3C402}.Debug|Any CPU.ActiveCfg = Debug|Any CPU
		{53807C79-6A6E-4974-B2F3-264B8AD3C402}.Debug|Any CPU.Build.0 = Debug|Any CPU
		{53807C79-6A6E-4974-B2F3-264B8AD3C402}.Debug|Any CPU.Deploy.0 = Debug|Any CPU
		{53807C79-6A6E-4974-B2F3-264B8AD3C402}.Release|Any CPU.ActiveCfg = Release|Any CPU
		{53807C79-6A6E-4974-B2F3-264B8AD3C402}.Release|Any CPU.Build.0 = Release|Any CPU
		{53807C79-6A6E-4974-B2F3-264B8AD3C402}.Release|Any CPU.Deploy.0 = Release|Any CPU
	EndGlobalSection
	GlobalSection(SolutionProperties) = preSolution
		HideSolutionNode = FALSE
	EndGlobalSection
EndGlobal
